
Microsoft Visual Studio Solution File, Format Version 12.00
# Visual Studio Version 16
VisualStudioVersion = 16.0.30517.126
MinimumVisualStudioVersion = 10.0.40219.1
Project("{FAE04EC0-301F-11D3-BF4B-00C04F79EFBC}") = "DirectoriesAndFiles", "DirectoriesAndFiles\DirectoriesAndFiles.csproj", "{0F31448D-C6A8-47B6-B8F5-635E7D8021B4}"
EndProject
Project("{FAE04EC0-301F-11D3-BF4B-00C04F79EFBC}") = "WriteFilesAndDirectories", "WriteFilesAndDirectories\WriteFilesAndDirectories.csproj", "{AEB44DE8-9A39-4B76-BCEF-6342B600224B}"
EndProject
Global
	GlobalSection(SolutionConfigurationPlatforms) = preSolution
		Debug|Any CPU = Debug|Any CPU
		Release|Any CPU = Release|Any CPU
	EndGlobalSection
	GlobalSection(ProjectConfigurationPlatforms) = postSolution
		{0F31448D-C6A8-47B6-B8F5-635E7D8021B4}.Debug|Any CPU.ActiveCfg = Debug|Any CPU
		{0F31448D-C6A8-47B6-B8F5-635E7D8021B4}.Debug|Any CPU.Build.0 = Debug|Any CPU
		{0F31448D-C6A8-47B6-B8F5-635E7D8021B4}.Release|Any CPU.ActiveCfg = Release|Any CPU
		{0F31448D-C6A8-47B6-B8F5-635E7D8021B4}.Release|Any CPU.Build.0 = Release|Any CPU
		{AEB44DE8-9A39-4B76-BCEF-6342B600224B}.Debug|Any CPU.ActiveCfg = Debug|Any CPU
		{AEB44DE8-9A39-4B76-BCEF-6342B600224B}.Debug|Any CPU.Build.0 = Debug|Any CPU
		{AEB44DE8-9A39-4B76-BCEF-6342B600224B}.Release|Any CPU.ActiveCfg = Release|Any CPU
		{AEB44DE8-9A39-4B76-BCEF-6342B600224B}.Release|Any CPU.Build.0 = Release|Any CPU
	EndGlobalSection
	GlobalSection(SolutionProperties) = preSolution
		HideSolutionNode = FALSE
	EndGlobalSection
	GlobalSection(ExtensibilityGlobals) = postSolution
		SolutionGuid = {3B9B7E9B-9A0D-46E4-AC3D-5775629EA9F3}
	EndGlobalSection
EndGlobal
